{
  "name": "rabbitmq-example",
  "version": "1.0.0",
  "lockfileVersion": 3,
  "requires": true,
  "packages": {
    "": {
      "name": "rabbitmq-example",
      "version": "1.0.0",
      "license": "ISC",
      "dependencies": {
        "amqplib": "^1.0.6"
      }
    },
    "node_modules/amqplib": {
      "version": "1.0.6",
      "resolved": "https://registry.npmjs.org/amqplib/-/amqplib-1.0.6.tgz",
      "integrity": "sha512-HGls46nTCt5xInwow2gPcm9mX512CIA7VJWn/GS9A2ymt0PVcAzkd9GsK2tQuUTdKhTu87ZKGl5UMLdcBKNa4A==",
      "license": "MIT",
      "dependencies": {
        "buffer-more-ints": "~1.0.0"
      },
      "engines": {
        "node": ">=18"
      }
    },
    "node_modules/buffer-more-ints": {
      "version": "1.0.0",
      "resolved": "https://registry.npmjs.org/buffer-more-ints/-/buffer-more-ints-1.0.0.tgz",
      "integrity": "sha512-EMetuGFz5SLsT0QTnXzINh4Ksr+oo4i+UGTXEshiGCQWnsgSs7ZhJ8fzlwQ+OzEMs0MpDAMr1hxnblp5a4vcHg==",
      "license": "MIT"
    }
  }
}
